
Microsoft Visual Studio Solution File, Format Version 12.00
# Visual Studio Version 17
VisualStudioVersion = 17.0.31903.59
MinimumVisualStudioVersion = 10.0.40219.1
Project("{FAE04EC0-301F-11D3-BF4B-00C04F79EFBC}") = "QADemo", "QADemo\QADemo.csproj", "{5B734D68-48A6-4AE8-AE60-0C8BFE1E763D}"
EndProject
Project("{FAE04EC0-301F-11D3-BF4B-00C04F79EFBC}") = "QADemo.Domain", "QADemo.Domain\QADemo.Domain.csproj", "{0CF1382D-B3FF-4F30-81E0-5AB796B4A0C8}"
EndProject
Global
	GlobalSection(SolutionConfigurationPlatforms) = preSolution
		Debug|Any CPU = Debug|Any CPU
		Release|Any CPU = Release|Any CPU
	EndGlobalSection
	GlobalSection(SolutionProperties) = preSolution
		HideSolutionNode = FALSE
	EndGlobalSection
	GlobalSection(ProjectConfigurationPlatforms) = postSolution
		{5B734D68-48A6-4AE8-AE60-0C8BFE1E763D}.Debug|Any CPU.ActiveCfg = Debug|Any CPU
		{5B734D68-48A6-4AE8-AE60-0C8BFE1E763D}.Debug|Any CPU.Build.0 = Debug|Any CPU
		{5B734D68-48A6-4AE8-AE60-0C8BFE1E763D}.Release|Any CPU.ActiveCfg = Release|Any CPU
		{5B734D68-48A6-4AE8-AE60-0C8BFE1E763D}.Release|Any CPU.Build.0 = Release|Any CPU
		{0CF1382D-B3FF-4F30-81E0-5AB796B4A0C8}.Debug|Any CPU.ActiveCfg = Debug|Any CPU
		{0CF1382D-B3FF-4F30-81E0-5AB796B4A0C8}.Debug|Any CPU.Build.0 = Debug|Any CPU
		{0CF1382D-B3FF-4F30-81E0-5AB796B4A0C8}.Release|Any CPU.ActiveCfg = Release|Any CPU
		{0CF1382D-B3FF-4F30-81E0-5AB796B4A0C8}.Release|Any CPU.Build.0 = Release|Any CPU
	EndGlobalSection
EndGlobal
